
Microsoft Visual Studio Solution File, Format Version 12.00
# Visual Studio Version 17
VisualStudioVersion = 17.7.34202.233
MinimumVisualStudioVersion = 10.0.40219.1
Project("{9A19103F-16F7-4668-BE54-9A1E7A4F7556}") = "CalcOne", "CalcOne\CalcOne.csproj", "{A117E035-E38F-401B-A4EC-10CA8350B6F5}"
EndProject
Global
	GlobalSection(SolutionConfigurationPlatforms) = preSolution
		Debug|Any CPU = Debug|Any CPU
		Release|Any CPU = Release|Any CPU
	EndGlobalSection
	GlobalSection(ProjectConfigurationPlatforms) = postSolution
		{A117E035-E38F-401B-A4EC-10CA8350B6F5}.Debug|Any CPU.ActiveCfg = Debug|Any CPU
		{A117E035-E38F-401B-A4EC-10CA8350B6F5}.Debug|Any CPU.Build.0 = Debug|Any CPU
		{A117E035-E38F-401B-A4EC-10CA8350B6F5}.Release|Any CPU.ActiveCfg = Release|Any CPU
		{A117E035-E38F-401B-A4EC-10CA8350B6F5}.Release|Any CPU.Build.0 = Release|Any CPU
	EndGlobalSection
	GlobalSection(SolutionProperties) = preSolution
		HideSolutionNode = FALSE
	EndGlobalSection
	GlobalSection(ExtensibilityGlobals) = postSolution
		SolutionGuid = {1382F2DF-8CED-400A-A70C-A626866CE971}
	EndGlobalSection
EndGlobal
